// !$*UTF8*$!
{
	archiveVersion = 1;
	classes = {
	};
	objectVersion = 50;
	objects = {

/* Begin PBXBuildFile section */
		3E231D1AED1AD383CAF06FAB /* Pods_LandmarkTests.framework in Frameworks */ = {isa = PBXBuildFile; fileRef = 9B58B49EED9679B71725B4B0 /* Pods_LandmarkTests.framework */; };
		5B710953CBEC277B6EAD11B5 /* Pods_Landmark.framework in Frameworks */ = {isa = PBXBuildFile; fileRef = 57EEA32ABFCCA889D59E8781 /* Pods_Landmark.framework */; };
		AF9A1CF624C887B400D42674 /* AppDelegate.swift in Sources */ = {isa = PBXBuildFile; fileRef = AF9A1CF524C887B400D42674 /* AppDelegate.swift */; };
		AF9A1CF824C887B400D42674 /* SceneDelegate.swift in Sources */ = {isa = PBXBuildFile; fileRef = AF9A1CF724C887B400D42674 /* SceneDelegate.swift */; };
		AF9A1CFA24C887B400D42674 /* MasterViewController.swift in Sources */ = {isa = PBXBuildFile; fileRef = AF9A1CF924C887B400D42674 /* MasterViewController.swift */; };
		AF9A1CFC24C887B400D42674 /* DetailViewController.swift in Sources */ = {isa = PBXBuildFile; fileRef = AF9A1CFB24C887B400D42674 /* DetailViewController.swift */; };
		AF9A1CFF24C887B400D42674 /* Main.storyboard in Resources */ = {isa = PBXBuildFile; fileRef = AF9A1CFD24C887B400D42674 /* Main.storyboard */; };
		AF9A1D0124C887BC00D42674 /* Assets.xcassets in Resources */ = {isa = PBXBuildFile; fileRef = AF9A1D0024C887BC00D42674 /* Assets.xcassets */; };
		AF9A1D0424C887BC00D42674 /* LaunchScreen.storyboard in Resources */ = {isa = PBXBuildFile; fileRef = AF9A1D0224C887BC00D42674 /* LaunchScreen.storyboard */; };
		AF9A1D0F24C887BC00D42674 /* LandmarkTests.swift in Sources */ = {isa = PBXBuildFile; fileRef = AF9A1D0E24C887BC00D42674 /* LandmarkTests.swift */; };
		AF9A1D1A24C887BC00D42674 /* LandmarkUITests.swift in Sources */ = {isa = PBXBuildFile; fileRef = AF9A1D1924C887BC00D42674 /* LandmarkUITests.swift */; };
		AF9A1D2824C8882A00D42674 /* GoogleService-Info.plist in Resources */ = {isa = PBXBuildFile; fileRef = AF9A1D2724C8882900D42674 /* GoogleService-Info.plist */; };
		F955981523E7558A25C94666 /* Pods_Landmark_LandmarkUITests.framework in Frameworks */ = {isa = PBXBuildFile; fileRef = 0A2982B66538866C199733E0 /* Pods_Landmark_LandmarkUITests.framework */; };
/* End PBXBuildFile section */

/* Begin PBXContainerItemProxy section */
		AF9A1D0B24C887BC00D42674 /* PBXContainerItemProxy */ = {
			isa = PBXContainerItemProxy;
			containerPortal = AF9A1CEA24C887B400D42674 /* Project object */;
			proxyType = 1;
			remoteGlobalIDString = AF9A1CF124C887B400D42674;
			remoteInfo = Landmark;
		};
		AF9A1D1624C887BC00D42674 /* PBXContainerItemProxy */ = {
			isa = PBXContainerItemProxy;
			containerPortal = AF9A1CEA24C887B400D42674 /* Project object */;
			proxyType = 1;
			remoteGlobalIDString = AF9A1CF124C887B400D42674;
			remoteInfo = Landmark;
		};
/* End PBXContainerItemProxy section */

/* Begin PBXFileReference section */
		0A2982B66538866C199733E0 /* Pods_Landmark_LandmarkUITests.framework */ = {isa = PBXFileReference; explicitFileType = wrapper.framework; includeInIndex = 0; path = Pods_Landmark_LandmarkUITests.framework; sourceTree = BUILT_PRODUCTS_DIR; };
		15E10EB9CE9540676EF7CE27 /* Pods-Landmark-LandmarkUITests.release.xcconfig */ = {isa = PBXFileReference; includeInIndex = 1; lastKnownFileType = text.xcconfig; name = "Pods-Landmark-LandmarkUITests.release.xcconfig"; path = "Target Support Files/Pods-Landmark-LandmarkUITests/Pods-Landmark-LandmarkUITests.release.xcconfig"; sourceTree = "<group>"; };
		30CDD681A1EAA8031F3DAC23 /* Pods-LandmarkTests.debug.xcconfig */ = {isa = PBXFileReference; includeInIndex = 1; lastKnownFileType = text.xcconfig; name = "Pods-LandmarkTests.debug.xcconfig"; path = "Target Support Files/Pods-LandmarkTests/Pods-LandmarkTests.debug.xcconfig"; sourceTree = "<group>"; };
		57EEA32ABFCCA889D59E8781 /* Pods_Landmark.framework */ = {isa = PBXFileReference; explicitFileType = wrapper.framework; includeInIndex = 0; path = Pods_Landmark.framework; sourceTree = BUILT_PRODUCTS_DIR; };
		5E09CD6140F10A5633361186 /* Pods-Landmark.release.xcconfig */ = {isa = PBXFileReference; includeInIndex = 1; lastKnownFileType = text.xcconfig; name = "Pods-Landmark.release.xcconfig"; path = "Target Support Files/Pods-Landmark/Pods-Landmark.release.xcconfig"; sourceTree = "<group>"; };
		714558D0BC6E2EA71D7A5297 /* Pods-Landmark.debug.xcconfig */ = {isa = PBXFileReference; includeInIndex = 1; lastKnownFileType = text.xcconfig; name = "Pods-Landmark.debug.xcconfig"; path = "Target Support Files/Pods-Landmark/Pods-Landmark.debug.xcconfig"; sourceTree = "<group>"; };
		9B58B49EED9679B71725B4B0 /* Pods_LandmarkTests.framework */ = {isa = PBXFileReference; explicitFileType = wrapper.framework; includeInIndex = 0; path = Pods_LandmarkTests.framework; sourceTree = BUILT_PRODUCTS_DIR; };
		9BADC753361ED569143C5A0D /* Pods-Landmark-LandmarkUITests.debug.xcconfig */ = {isa = PBXFileReference; includeInIndex = 1; lastKnownFileType = text.xcconfig; name = "Pods-Landmark-LandmarkUITests.debug.xcconfig"; path = "Target Support Files/Pods-Landmark-LandmarkUITests/Pods-Landmark-LandmarkUITests.debug.xcconfig"; sourceTree = "<group>"; };
		AF9A1CF224C887B400D42674 /* Landmark.app */ = {isa = PBXFileReference; explicitFileType = wrapper.application; includeInIndex = 0; path = Landmark.app; sourceTree = BUILT_PRODUCTS_DIR; };
		AF9A1CF524C887B400D42674 /* AppDelegate.swift */ = {isa = PBXFileReference; lastKnownFileType = sourcecode.swift; path = AppDelegate.swift; sourceTree = "<group>"; };
		AF9A1CF724C887B400D42674 /* SceneDelegate.swift */ = {isa = PBXFileReference; lastKnownFileType = sourcecode.swift; path = SceneDelegate.swift; sourceTree = "<group>"; };
		AF9A1CF924C887B400D42674 /* MasterViewController.swift */ = {isa = PBXFileReference; lastKnownFileType = sourcecode.swift; path = MasterViewController.swift; sourceTree = "<group>"; };
		AF9A1CFB24C887B400D42674 /* DetailViewController.swift */ = {isa = PBXFileReference; lastKnownFileType = sourcecode.swift; path = DetailViewController.swift; sourceTree = "<group>"; };
		AF9A1CFE24C887B400D42674 /* Base */ = {isa = PBXFileReference; lastKnownFileType = file.storyboard; name = Base; path = Base.lproj/Main.storyboard; sourceTree = "<group>"; };
		AF9A1D0024C887BC00D42674 /* Assets.xcassets */ = {isa = PBXFileReference; lastKnownFileType = folder.assetcatalog; path = Assets.xcassets; sourceTree = "<group>"; };
		AF9A1D0324C887BC00D42674 /* Base */ = {isa = PBXFileReference; lastKnownFileType = file.storyboard; name = Base; path = Base.lproj/LaunchScreen.storyboard; sourceTree = "<group>"; };
		AF9A1D0524C887BC00D42674 /* Info.plist */ = {isa = PBXFileReference; lastKnownFileType = text.plist.xml; path = Info.plist; sourceTree = "<group>"; };
		AF9A1D0A24C887BC00D42674 /* LandmarkTests.xctest */ = {isa = PBXFileReference; explicitFileType = wrapper.cfbundle; includeInIndex = 0; path = LandmarkTests.xctest; sourceTree = BUILT_PRODUCTS_DIR; };
		AF9A1D0E24C887BC00D42674 /* LandmarkTests.swift */ = {isa = PBXFileReference; lastKnownFileType = sourcecode.swift; path = LandmarkTests.swift; sourceTree = "<group>"; };
		AF9A1D1024C887BC00D42674 /* Info.plist */ = {isa = PBXFileReference; lastKnownFileType = text.plist.xml; path = Info.plist; sourceTree = "<group>"; };
		AF9A1D1524C887BC00D42674 /* LandmarkUITests.xctest */ = {isa = PBXFileReference; explicitFileType = wrapper.cfbundle; includeInIndex = 0; path = LandmarkUITests.xctest; sourceTree = BUILT_PRODUCTS_DIR; };
		AF9A1D1924C887BC00D42674 /* LandmarkUITests.swift */ = {isa = PBXFileReference; lastKnownFileType = sourcecode.swift; path = LandmarkUITests.swift; sourceTree = "<group>"; };
		AF9A1D1B24C887BC00D42674 /* Info.plist */ = {isa = PBXFileReference; lastKnownFileType = text.plist.xml; path = Info.plist; sourceTree = "<group>"; };
		AF9A1D2724C8882900D42674 /* GoogleService-Info.plist */ = {isa = PBXFileReference; fileEncoding = 4; lastKnownFileType = text.plist.xml; path = "GoogleService-Info.plist"; sourceTree = "<group>"; };
		CA85E8A8C8F715408CC865EF /* Pods-LandmarkTests.release.xcconfig */ = {isa = PBXFileReference; includeInIndex = 1; lastKnownFileType = text.xcconfig; name = "Pods-LandmarkTests.release.xcconfig"; path = "Target Support Files/Pods-LandmarkTests/Pods-LandmarkTests.release.xcconfig"; sourceTree = "<group>"; };
/* End PBXFileReference section */

/* Begin PBXFrameworksBuildPhase section */
		AF9A1CEF24C887B400D42674 /* Frameworks */ = {
			isa = PBXFrameworksBuildPhase;
			buildActionMask = 2147483647;
			files = (
				5B710953CBEC277B6EAD11B5 /* Pods_Landmark.framework in Frameworks */,
			);
			runOnlyForDeploymentPostprocessing = 0;
		};
		AF9A1D0724C887BC00D42674 /* Frameworks */ = {
			isa = PBXFrameworksBuildPhase;
			buildActionMask = 2147483647;
			files = (
				3E231D1AED1AD383CAF06FAB /* Pods_LandmarkTests.framework in Frameworks */,
			);
			runOnlyForDeploymentPostprocessing = 0;
		};
		AF9A1D1224C887BC00D42674 /* Frameworks */ = {
			isa = PBXFrameworksBuildPhase;
			buildActionMask = 2147483647;
			files = (
				F955981523E7558A25C94666 /* Pods_Landmark_LandmarkUITests.framework in Frameworks */,
			);
			runOnlyForDeploymentPostprocessing = 0;
		};
/* End PBXFrameworksBuildPhase section */

/* Begin PBXGroup section */
		896011FC43C218D2A5E510E0 /* Frameworks */ = {
			isa = PBXGroup;
			children = (
				57EEA32ABFCCA889D59E8781 /* Pods_Landmark.framework */,
				0A2982B66538866C199733E0 /* Pods_Landmark_LandmarkUITests.framework */,
				9B58B49EED9679B71725B4B0 /* Pods_LandmarkTests.framework */,
			);
			name = Frameworks;
			sourceTree = "<group>";
		};
		AF9A1CE924C887B400D42674 = {
			isa = PBXGroup;
			children = (
				AF9A1CF424C887B400D42674 /* Landmark */,
				AF9A1D0D24C887BC00D42674 /* LandmarkTests */,
				AF9A1D1824C887BC00D42674 /* LandmarkUITests */,
				AF9A1CF324C887B400D42674 /* Products */,
				D101D1C855220F9F92CC6A4C /* Pods */,
				896011FC43C218D2A5E510E0 /* Frameworks */,
			);
			sourceTree = "<group>";
		};
		AF9A1CF324C887B400D42674 /* Products */ = {
			isa = PBXGroup;
			children = (
				AF9A1CF224C887B400D42674 /* Landmark.app */,
				AF9A1D0A24C887BC00D42674 /* LandmarkTests.xctest */,
				AF9A1D1524C887BC00D42674 /* LandmarkUITests.xctest */,
			);
			name = Products;
			sourceTree = "<group>";
		};
		AF9A1CF424C887B400D42674 /* Landmark */ = {
			isa = PBXGroup;
			children = (
				AF9A1CF524C887B400D42674 /* AppDelegate.swift */,
				AF9A1CF724C887B400D42674 /* SceneDelegate.swift */,
				AF9A1CF924C887B400D42674 /* MasterViewController.swift */,
				AF9A1CFB24C887B400D42674 /* DetailViewController.swift */,
				AF9A1CFD24C887B400D42674 /* Main.storyboard */,
				AF9A1D0024C887BC00D42674 /* Assets.xcassets */,
				AF9A1D0224C887BC00D42674 /* LaunchScreen.storyboard */,
				AF9A1D2724C8882900D42674 /* GoogleService-Info.plist */,
				AF9A1D0524C887BC00D42674 /* Info.plist */,
			);
			path = Landmark;
			sourceTree = "<group>";
		};
		AF9A1D0D24C887BC00D42674 /* LandmarkTests */ = {
			isa = PBXGroup;
			children = (
				AF9A1D0E24C887BC00D42674 /* LandmarkTests.swift */,
				AF9A1D1024C887BC00D42674 /* Info.plist */,
			);
			path = LandmarkTests;
			sourceTree = "<group>";
		};
		AF9A1D1824C887BC00D42674 /* LandmarkUITests */ = {
			isa = PBXGroup;
			children = (
				AF9A1D1924C887BC00D42674 /* LandmarkUITests.swift */,
				AF9A1D1B24C887BC00D42674 /* Info.plist */,
			);
			path = LandmarkUITests;
			sourceTree = "<group>";
		};
		D101D1C855220F9F92CC6A4C /* Pods */ = {
			isa = PBXGroup;
			children = (
				714558D0BC6E2EA71D7A5297 /* Pods-Landmark.debug.xcconfig */,
				5E09CD6140F10A5633361186 /* Pods-Landmark.release.xcconfig */,
				9BADC753361ED569143C5A0D /* Pods-Landmark-LandmarkUITests.debug.xcconfig */,
				15E10EB9CE9540676EF7CE27 /* Pods-Landmark-LandmarkUITests.release.xcconfig */,
				30CDD681A1EAA8031F3DAC23 /* Pods-LandmarkTests.debug.xcconfig */,
				CA85E8A8C8F715408CC865EF /* Pods-LandmarkTests.release.xcconfig */,
			);
			name = Pods;
			path = Pods;
			sourceTree = "<group>";
		};
/* End PBXGroup section */

/* Begin PBXNativeTarget section */
		AF9A1CF124C887B400D42674 /* Landmark */ = {
			isa = PBXNativeTarget;
			buildConfigurationList = AF9A1D1E24C887BC00D42674 /* Build configuration list for PBXNativeTarget "Landmark" */;
			buildPhases = (
				82CFFE126DD588642E8C288F /* [CP] Check Pods Manifest.lock */,
				AF9A1CEE24C887B400D42674 /* Sources */,
				AF9A1CEF24C887B400D42674 /* Frameworks */,
				AF9A1CF024C887B400D42674 /* Resources */,
				9D3BB9DCAEE3D1C163C02F05 /* [CP] Embed Pods Frameworks */,
			);
			buildRules = (
			);
			dependencies = (
			);
			name = Landmark;
			productName = Landmark;
			productReference = AF9A1CF224C887B400D42674 /* Landmark.app */;
			productType = "com.apple.product-type.application";
		};
		AF9A1D0924C887BC00D42674 /* LandmarkTests */ = {
			isa = PBXNativeTarget;
			buildConfigurationList = AF9A1D2124C887BC00D42674 /* Build configuration list for PBXNativeTarget "LandmarkTests" */;
			buildPhases = (
				73F638D403CF3C9F7031FF78 /* [CP] Check Pods Manifest.lock */,
				AF9A1D0624C887BC00D42674 /* Sources */,
				AF9A1D0724C887BC00D42674 /* Frameworks */,
				AF9A1D0824C887BC00D42674 /* Resources */,
			);
			buildRules = (
			);
			dependencies = (
				AF9A1D0C24C887BC00D42674 /* PBXTargetDependency */,
			);
			name = LandmarkTests;
			productName = LandmarkTests;
			productReference = AF9A1D0A24C887BC00D42674 /* LandmarkTests.xctest */;
			productType = "com.apple.product-type.bundle.unit-test";
		};
		AF9A1D1424C887BC00D42674 /* LandmarkUITests */ = {
			isa = PBXNativeTarget;
			buildConfigurationList = AF9A1D2424C887BC00D42674 /* Build configuration list for PBXNativeTarget "LandmarkUITests" */;
			buildPhases = (
				671BCE1500081AE97BBC3CD9 /* [CP] Check Pods Manifest.lock */,
				AF9A1D1124C887BC00D42674 /* Sources */,
				AF9A1D1224C887BC00D42674 /* Frameworks */,
				AF9A1D1324C887BC00D42674 /* Resources */,
				161A2AF50B9C9FD9FA690DBF /* [CP] Embed Pods Frameworks */,
			);
			buildRules = (
			);
			dependencies = (
				AF9A1D1724C887BC00D42674 /* PBXTargetDependency */,
			);
			name = LandmarkUITests;
			productName = LandmarkUITests;
			productReference = AF9A1D1524C887BC00D42674 /* LandmarkUITests.xctest */;
			productType = "com.apple.product-type.bundle.ui-testing";
		};
/* End PBXNativeTarget section */

/* Begin PBXProject section */
		AF9A1CEA24C887B400D42674 /* Project object */ = {
			isa = PBXProject;
			attributes = {
				LastSwiftUpdateCheck = 1160;
				LastUpgradeCheck = 1160;
				ORGANIZATIONNAME = "Himanshu Tantia";
				TargetAttributes = {
					AF9A1CF124C887B400D42674 = {
						CreatedOnToolsVersion = 11.6;
					};
					AF9A1D0924C887BC00D42674 = {
						CreatedOnToolsVersion = 11.6;
						TestTargetID = AF9A1CF124C887B400D42674;
					};
					AF9A1D1424C887BC00D42674 = {
						CreatedOnToolsVersion = 11.6;
						TestTargetID = AF9A1CF124C887B400D42674;
					};
				};
			};
			buildConfigurationList = AF9A1CED24C887B400D42674 /* Build configuration list for PBXProject "Landmark" */;
			compatibilityVersion = "Xcode 9.3";
			developmentRegion = en;
			hasScannedForEncodings = 0;
			knownRegions = (
				en,
				Base,
			);
			mainGroup = AF9A1CE924C887B400D42674;
			productRefGroup = AF9A1CF324C887B400D42674 /* Products */;
			projectDirPath = "";
			projectRoot = "";
			targets = (
				AF9A1CF124C887B400D42674 /* Landmark */,
				AF9A1D0924C887BC00D42674 /* LandmarkTests */,
				AF9A1D1424C887BC00D42674 /* LandmarkUITests */,
			);
		};
/* End PBXProject section */

/* Begin PBXResourcesBuildPhase section */
		AF9A1CF024C887B400D42674 /* Resources */ = {
			isa = PBXResourcesBuildPhase;
			buildActionMask = 2147483647;
			files = (
				AF9A1D0424C887BC00D42674 /* LaunchScreen.storyboard in Resources */,
				AF9A1D2824C8882A00D42674 /* GoogleService-Info.plist in Resources */,
				AF9A1D0124C887BC00D42674 /* Assets.xcassets in Resources */,
				AF9A1CFF24C887B400D42674 /* Main.storyboard in Resources */,
			);
			runOnlyForDeploymentPostprocessing = 0;
		};
		AF9A1D0824C887BC00D42674 /* Resources */ = {
			isa = PBXResourcesBuildPhase;
			buildActionMask = 2147483647;
			files = (
			);
			runOnlyForDeploymentPostprocessing = 0;
		};
		AF9A1D1324C887BC00D42674 /* Resources */ = {
			isa = PBXResourcesBuildPhase;
			buildActionMask = 2147483647;
			files = (
			);
			runOnlyForDeploymentPostprocessing = 0;
		};
/* End PBXResourcesBuildPhase section */

/* Begin PBXShellScriptBuildPhase section */
		161A2AF50B9C9FD9FA690DBF /* [CP] Embed Pods Frameworks */ = {
			isa = PBXShellScriptBuildPhase;
			buildActionMask = 2147483647;
			files = (
			);
			inputFileListPaths = (
				"${PODS_ROOT}/Target Support Files/Pods-Landmark-LandmarkUITests/Pods-Landmark-LandmarkUITests-frameworks-${CONFIGURATION}-input-files.xcfilelist",
			);
			name = "[CP] Embed Pods Frameworks";
			outputFileListPaths = (
				"${PODS_ROOT}/Target Support Files/Pods-Landmark-LandmarkUITests/Pods-Landmark-LandmarkUITests-frameworks-${CONFIGURATION}-output-files.xcfilelist",
			);
			runOnlyForDeploymentPostprocessing = 0;
			shellPath = /bin/sh;
			shellScript = "\"${PODS_ROOT}/Target Support Files/Pods-Landmark-LandmarkUITests/Pods-Landmark-LandmarkUITests-frameworks.sh\"\n";
			showEnvVarsInLog = 0;
		};
		671BCE1500081AE97BBC3CD9 /* [CP] Check Pods Manifest.lock */ = {
			isa = PBXShellScriptBuildPhase;
			buildActionMask = 2147483647;
			files = (
			);
			inputFileListPaths = (
			);
			inputPaths = (
				"${PODS_PODFILE_DIR_PATH}/Podfile.lock",
				"${PODS_ROOT}/Manifest.lock",
			);
			name = "[CP] Check Pods Manifest.lock";
			outputFileListPaths = (
			);
			outputPaths = (
				"$(DERIVED_FILE_DIR)/Pods-Landmark-LandmarkUITests-checkManifestLockResult.txt",
			);
			runOnlyForDeploymentPostprocessing = 0;
			shellPath = /bin/sh;
			shellScript = "diff \"${PODS_PODFILE_DIR_PATH}/Podfile.lock\" \"${PODS_ROOT}/Manifest.lock\" > /dev/null\nif [ $? != 0 ] ; then\n    # print error to STDERR\n    echo \"error: The sandbox is not in sync with the Podfile.lock. Run 'pod install' or update your CocoaPods installation.\" >&2\n    exit 1\nfi\n# This output is used by Xcode 'outputs' to avoid re-running this script phase.\necho \"SUCCESS\" > \"${SCRIPT_OUTPUT_FILE_0}\"\n";
			showEnvVarsInLog = 0;
		};
		73F638D403CF3C9F7031FF78 /* [CP] Check Pods Manifest.lock */ = {
			isa = PBXShellScriptBuildPhase;
			buildActionMask = 2147483647;
			files = (
			);
			inputFileListPaths = (
			);
			inputPaths = (
				"${PODS_PODFILE_DIR_PATH}/Podfile.lock",
				"${PODS_ROOT}/Manifest.lock",
			);
			name = "[CP] Check Pods Manifest.lock";
			outputFileListPaths = (
			);
			outputPaths = (
				"$(DERIVED_FILE_DIR)/Pods-LandmarkTests-checkManifestLockResult.txt",
			);
			runOnlyForDeploymentPostprocessing = 0;
			shellPath = /bin/sh;
			shellScript = "diff \"${PODS_PODFILE_DIR_PATH}/Podfile.lock\" \"${PODS_ROOT}/Manifest.lock\" > /dev/null\nif [ $? != 0 ] ; then\n    # print error to STDERR\n    echo \"error: The sandbox is not in sync with the Podfile.lock. Run 'pod install' or update your CocoaPods installation.\" >&2\n    exit 1\nfi\n# This output is used by Xcode 'outputs' to avoid re-running this script phase.\necho \"SUCCESS\" > \"${SCRIPT_OUTPUT_FILE_0}\"\n";
			showEnvVarsInLog = 0;
		};
		82CFFE126DD588642E8C288F /* [CP] Check Pods Manifest.lock */ = {
			isa = PBXShellScriptBuildPhase;
			buildActionMask = 2147483647;
			files = (
			);
			inputFileListPaths = (
			);
			inputPaths = (
				"${PODS_PODFILE_DIR_PATH}/Podfile.lock",
				"${PODS_ROOT}/Manifest.lock",
			);
			name = "[CP] Check Pods Manifest.lock";
			outputFileListPaths = (
			);
			outputPaths = (
				"$(DERIVED_FILE_DIR)/Pods-Landmark-checkManifestLockResult.txt",
			);
			runOnlyForDeploymentPostprocessing = 0;
			shellPath = /bin/sh;
			shellScript = "diff \"${PODS_PODFILE_DIR_PATH}/Podfile.lock\" \"${PODS_ROOT}/Manifest.lock\" > /dev/null\nif [ $? != 0 ] ; then\n    # print error to STDERR\n    echo \"error: The sandbox is not in sync with the Podfile.lock. Run 'pod install' or update your CocoaPods installation.\" >&2\n    exit 1\nfi\n# This output is used by Xcode 'outputs' to avoid re-running this script phase.\necho \"SUCCESS\" > \"${SCRIPT_OUTPUT_FILE_0}\"\n";
			showEnvVarsInLog = 0;
		};
		9D3BB9DCAEE3D1C163C02F05 /* [CP] Embed Pods Frameworks */ = {
			isa = PBXShellScriptBuildPhase;
			buildActionMask = 2147483647;
			files = (
			);
			inputFileListPaths = (
				"${PODS_ROOT}/Target Support Files/Pods-Landmark/Pods-Landmark-frameworks-${CONFIGURATION}-input-files.xcfilelist",
			);
			name = "[CP] Embed Pods Frameworks";
			outputFileListPaths = (
				"${PODS_ROOT}/Target Support Files/Pods-Landmark/Pods-Landmark-frameworks-${CONFIGURATION}-output-files.xcfilelist",
			);
			runOnlyForDeploymentPostprocessing = 0;
			shellPath = /bin/sh;
			shellScript = "\"${PODS_ROOT}/Target Support Files/Pods-Landmark/Pods-Landmark-frameworks.sh\"\n";
			showEnvVarsInLog = 0;
		};
/* End PBXShellScriptBuildPhase section */

/* Begin PBXSourcesBuildPhase section */
		AF9A1CEE24C887B400D42674 /* Sources */ = {
			isa = PBXSourcesBuildPhase;
			buildActionMask = 2147483647;
			files = (
				AF9A1CF624C887B400D42674 /* AppDelegate.swift in Sources */,
				AF9A1CF824C887B400D42674 /* SceneDelegate.swift in Sources */,
				AF9A1CFA24C887B400D42674 /* MasterViewController.swift in Sources */,
				AF9A1CFC24C887B400D42674 /* DetailViewController.swift in Sources */,
			);
			runOnlyForDeploymentPostprocessing = 0;
		};
		AF9A1D0624C887BC00D42674 /* Sources */ = {
			isa = PBXSourcesBuildPhase;
			buildActionMask = 2147483647;
			files = (
				AF9A1D0F24C887BC00D42674 /* LandmarkTests.swift in Sources */,
			);
			runOnlyForDeploymentPostprocessing = 0;
		};
		AF9A1D1124C887BC00D42674 /* Sources */ = {
			isa = PBXSourcesBuildPhase;
			buildActionMask = 2147483647;
			files = (
				AF9A1D1A24C887BC00D42674 /* LandmarkUITests.swift in Sources */,
			);
			runOnlyForDeploymentPostprocessing = 0;
		};
/* End PBXSourcesBuildPhase section */

/* Begin PBXTargetDependency section */
		AF9A1D0C24C887BC00D42674 /* PBXTargetDependency */ = {
			isa = PBXTargetDependency;
			target = AF9A1CF124C887B400D42674 /* Landmark */;
			targetProxy = AF9A1D0B24C887BC00D42674 /* PBXContainerItemProxy */;
		};
		AF9A1D1724C887BC00D42674 /* PBXTargetDependency */ = {
			isa = PBXTargetDependency;
			target = AF9A1CF124C887B400D42674 /* Landmark */;
			targetProxy = AF9A1D1624C887BC00D42674 /* PBXContainerItemProxy */;
		};
/* End PBXTargetDependency section */

/* Begin PBXVariantGroup section */
		AF9A1CFD24C887B400D42674 /* Main.storyboard */ = {
			isa = PBXVariantGroup;
			children = (
				AF9A1CFE24C887B400D42674 /* Base */,
			);
			name = Main.storyboard;
			sourceTree = "<group>";
		};
		AF9A1D0224C887BC00D42674 /* LaunchScreen.storyboard */ = {
			isa = PBXVariantGroup;
			children = (
				AF9A1D0324C887BC00D42674 /* Base */,
			);
			name = LaunchScreen.storyboard;
			sourceTree = "<group>";
		};
/* End PBXVariantGroup section */

/* Begin XCBuildConfiguration section */
		AF9A1D1C24C887BC00D42674 /* Debug */ = {
			isa = XCBuildConfiguration;
			buildSettings = {
				ALWAYS_SEARCH_USER_PATHS = NO;
				CLANG_ANALYZER_NONNULL = YES;
				CLANG_ANALYZER_NUMBER_OBJECT_CONVERSION = YES_AGGRESSIVE;
				CLANG_CXX_LANGUAGE_STANDARD = "gnu++14";
				CLANG_CXX_LIBRARY = "libc++";
				CLANG_ENABLE_MODULES = YES;
				CLANG_ENABLE_OBJC_ARC = YES;
				CLANG_ENABLE_OBJC_WEAK = YES;
				CLANG_WARN_BLOCK_CAPTURE_AUTORELEASING = YES;
				CLANG_WARN_BOOL_CONVERSION = YES;
				CLANG_WARN_COMMA = YES;
				CLANG_WARN_CONSTANT_CONVERSION = YES;
				CLANG_WARN_DEPRECATED_OBJC_IMPLEMENTATIONS = YES;
				CLANG_WARN_DIRECT_OBJC_ISA_USAGE = YES_ERROR;
				CLANG_WARN_DOCUMENTATION_COMMENTS = YES;
				CLANG_WARN_EMPTY_BODY = YES;
				CLANG_WARN_ENUM_CONVERSION = YES;
				CLANG_WARN_INFINITE_RECURSION = YES;
				CLANG_WARN_INT_CONVERSION = YES;
				CLANG_WARN_NON_LITERAL_NULL_CONVERSION = YES;
				CLANG_WARN_OBJC_IMPLICIT_RETAIN_SELF = YES;
				CLANG_WARN_OBJC_LITERAL_CONVERSION = YES;
				CLANG_WARN_OBJC_ROOT_CLASS = YES_ERROR;
				CLANG_WARN_RANGE_LOOP_ANALYSIS = YES;
				CLANG_WARN_STRICT_PROTOTYPES = YES;
				CLANG_WARN_SUSPICIOUS_MOVE = YES;
				CLANG_WARN_UNGUARDED_AVAILABILITY = YES_AGGRESSIVE;
				CLANG_WARN_UNREACHABLE_CODE = YES;
				CLANG_WARN__DUPLICATE_METHOD_MATCH = YES;
				COPY_PHASE_STRIP = NO;
				DEBUG_INFORMATION_FORMAT = dwarf;
				ENABLE_STRICT_OBJC_MSGSEND = YES;
				ENABLE_TESTABILITY = YES;
				GCC_C_LANGUAGE_STANDARD = gnu11;
				GCC_DYNAMIC_NO_PIC = NO;
				GCC_NO_COMMON_BLOCKS = YES;
				GCC_OPTIMIZATION_LEVEL = 0;
				GCC_PREPROCESSOR_DEFINITIONS = (
					"DEBUG=1",
					"$(inherited)",
				);
				GCC_WARN_64_TO_32_BIT_CONVERSION = YES;
				GCC_WARN_ABOUT_RETURN_TYPE = YES_ERROR;
				GCC_WARN_UNDECLARED_SELECTOR = YES;
				GCC_WARN_UNINITIALIZED_AUTOS = YES_AGGRESSIVE;
				GCC_WARN_UNUSED_FUNCTION = YES;
				GCC_WARN_UNUSED_VARIABLE = YES;
				IPHONEOS_DEPLOYMENT_TARGET = 13.6;
				MTL_ENABLE_DEBUG_INFO = INCLUDE_SOURCE;
				MTL_FAST_MATH = YES;
				ONLY_ACTIVE_ARCH = YES;
				SDKROOT = iphoneos;
				SWIFT_ACTIVE_COMPILATION_CONDITIONS = DEBUG;
				SWIFT_OPTIMIZATION_LEVEL = "-Onone";
			};
			name = Debug;
		};
		AF9A1D1D24C887BC00D42674 /* Release */ = {
			isa = XCBuildConfiguration;
			buildSettings = {
				ALWAYS_SEARCH_USER_PATHS = NO;
				CLANG_ANALYZER_NONNULL = YES;
				CLANG_ANALYZER_NUMBER_OBJECT_CONVERSION = YES_AGGRESSIVE;
				CLANG_CXX_LANGUAGE_STANDARD = "gnu++14";
				CLANG_CXX_LIBRARY = "libc++";
				CLANG_ENABLE_MODULES = YES;
				CLANG_ENABLE_OBJC_ARC = YES;
				CLANG_ENABLE_OBJC_WEAK = YES;
				CLANG_WARN_BLOCK_CAPTURE_AUTORELEASING = YES;
				CLANG_WARN_BOOL_CONVERSION = YES;
				CLANG_WARN_COMMA = YES;
				CLANG_WARN_CONSTANT_CONVERSION = YES;
				CLANG_WARN_DEPRECATED_OBJC_IMPLEMENTATIONS = YES;
				CLANG_WARN_DIRECT_OBJC_ISA_USAGE = YES_ERROR;
				CLANG_WARN_DOCUMENTATION_COMMENTS = YES;
				CLANG_WARN_EMPTY_BODY = YES;
				CLANG_WARN_ENUM_CONVERSION = YES;
				CLANG_WARN_INFINITE_RECURSION = YES;
				CLANG_WARN_INT_CONVERSION = YES;
				CLANG_WARN_NON_LITERAL_NULL_CONVERSION = YES;
				CLANG_WARN_OBJC_IMPLICIT_RETAIN_SELF = YES;
				CLANG_WARN_OBJC_LITERAL_CONVERSION = YES;
				CLANG_WARN_OBJC_ROOT_CLASS = YES_ERROR;
				CLANG_WARN_RANGE_LOOP_ANALYSIS = YES;
				CLANG_WARN_STRICT_PROTOTYPES = YES;
				CLANG_WARN_SUSPICIOUS_MOVE = YES;
				CLANG_WARN_UNGUARDED_AVAILABILITY = YES_AGGRESSIVE;
				CLANG_WARN_UNREACHABLE_CODE = YES;
				CLANG_WARN__DUPLICATE_METHOD_MATCH = YES;
				COPY_PHASE_STRIP = NO;
				DEBUG_INFORMATION_FORMAT = "dwarf-with-dsym";
				ENABLE_NS_ASSERTIONS = NO;
				ENABLE_STRICT_OBJC_MSGSEND = YES;
				GCC_C_LANGUAGE_STANDARD = gnu11;
				GCC_NO_COMMON_BLOCKS = YES;
				GCC_WARN_64_TO_32_BIT_CONVERSION = YES;
				GCC_WARN_ABOUT_RETURN_TYPE = YES_ERROR;
				GCC_WARN_UNDECLARED_SELECTOR = YES;
				GCC_WARN_UNINITIALIZED_AUTOS = YES_AGGRESSIVE;
				GCC_WARN_UNUSED_FUNCTION = YES;
				GCC_WARN_UNUSED_VARIABLE = YES;
				IPHONEOS_DEPLOYMENT_TARGET = 13.6;
				MTL_ENABLE_DEBUG_INFO = NO;
				MTL_FAST_MATH = YES;
				SDKROOT = iphoneos;
				SWIFT_COMPILATION_MODE = wholemodule;
				SWIFT_OPTIMIZATION_LEVEL = "-O";
				VALIDATE_PRODUCT = YES;
			};
			name = Release;
		};
		AF9A1D1F24C887BC00D42674 /* Debug */ = {
			isa = XCBuildConfiguration;
			baseConfigurationReference = 714558D0BC6E2EA71D7A5297 /* Pods-Landmark.debug.xcconfig */;
			buildSettings = {
				ASSETCATALOG_COMPILER_APPICON_NAME = AppIcon;
				CODE_SIGN_STYLE = Automatic;
				INFOPLIST_FILE = Landmark/Info.plist;
				LD_RUNPATH_SEARCH_PATHS = (
					"$(inherited)",
					"@executable_path/Frameworks",
				);
				PRODUCT_BUNDLE_IDENTIFIER = "-.Landmark";
				PRODUCT_NAME = "$(TARGET_NAME)";
				SWIFT_VERSION = 5.0;
				TARGETED_DEVICE_FAMILY = "1,2";
			};
			name = Debug;
		};
		AF9A1D2024C887BC00D42674 /* Release */ = {
			isa = XCBuildConfiguration;
			baseConfigurationReference = 5E09CD6140F10A5633361186 /* Pods-Landmark.release.xcconfig */;
			buildSettings = {
				ASSETCATALOG_COMPILER_APPICON_NAME = AppIcon;
				CODE_SIGN_STYLE = Automatic;
				INFOPLIST_FILE = Landmark/Info.plist;
				LD_RUNPATH_SEARCH_PATHS = (
					"$(inherited)",
					"@executable_path/Frameworks",
				);
				PRODUCT_BUNDLE_IDENTIFIER = "-.Landmark";
				PRODUCT_NAME = "$(TARGET_NAME)";
				SWIFT_VERSION = 5.0;
				TARGETED_DEVICE_FAMILY = "1,2";
			};
			name = Release;
		};
		AF9A1D2224C887BC00D42674 /* Debug */ = {
			isa = XCBuildConfiguration;
			baseConfigurationReference = 30CDD681A1EAA8031F3DAC23 /* Pods-LandmarkTests.debug.xcconfig */;
			buildSettings = {
				ALWAYS_EMBED_SWIFT_STANDARD_LIBRARIES = YES;
				BUNDLE_LOADER = "$(TEST_HOST)";
				CODE_SIGN_STYLE = Automatic;
				INFOPLIST_FILE = LandmarkTests/Info.plist;
				IPHONEOS_DEPLOYMENT_TARGET = 13.6;
				LD_RUNPATH_SEARCH_PATHS = (
					"$(inherited)",
					"@executable_path/Frameworks",
					"@loader_path/Frameworks",
				);
				PRODUCT_BUNDLE_IDENTIFIER = "-.LandmarkTests";
				PRODUCT_NAME = "$(TARGET_NAME)";
				SWIFT_VERSION = 5.0;
				TARGETED_DEVICE_FAMILY = "1,2";
				TEST_HOST = "$(BUILT_PRODUCTS_DIR)/Landmark.app/Landmark";
			};
			name = Debug;
		};
		AF9A1D2324C887BC00D42674 /* Release */ = {
			isa = XCBuildConfiguration;
			baseConfigurationReference = CA85E8A8C8F715408CC865EF /* Pods-LandmarkTests.release.xcconfig */;
			buildSettings = {
				ALWAYS_EMBED_SWIFT_STANDARD_LIBRARIES = YES;
				BUNDLE_LOADER = "$(TEST_HOST)";
				CODE_SIGN_STYLE = Automatic;
				INFOPLIST_FILE = LandmarkTests/Info.plist;
				IPHONEOS_DEPLOYMENT_TARGET = 13.6;
				LD_RUNPATH_SEARCH_PATHS = (
					"$(inherited)",
					"@executable_path/Frameworks",
					"@loader_path/Frameworks",
				);
				PRODUCT_BUNDLE_IDENTIFIER = "-.LandmarkTests";
				PRODUCT_NAME = "$(TARGET_NAME)";
				SWIFT_VERSION = 5.0;
				TARGETED_DEVICE_FAMILY = "1,2";
				TEST_HOST = "$(BUILT_PRODUCTS_DIR)/Landmark.app/Landmark";
			};
			name = Release;
		};
		AF9A1D2524C887BC00D42674 /* Debug */ = {
			isa = XCBuildConfiguration;
			baseConfigurationReference = 9BADC753361ED569143C5A0D /* Pods-Landmark-LandmarkUITests.debug.xcconfig */;
			buildSettings = {
				ALWAYS_EMBED_SWIFT_STANDARD_LIBRARIES = YES;
				CODE_SIGN_STYLE = Automatic;
				INFOPLIST_FILE = LandmarkUITests/Info.plist;
				LD_RUNPATH_SEARCH_PATHS = (
					"$(inherited)",
					"@executable_path/Frameworks",
					"@loader_path/Frameworks",
				);
				PRODUCT_BUNDLE_IDENTIFIER = "-.LandmarkUITests";
				PRODUCT_NAME = "$(TARGET_NAME)";
				SWIFT_VERSION = 5.0;
				TARGETED_DEVICE_FAMILY = "1,2";
				TEST_TARGET_NAME = Landmark;
			};
			name = Debug;
		};
		AF9A1D2624C887BC00D42674 /* Release */ = {
			isa = XCBuildConfiguration;
			baseConfigurationReference = 15E10EB9CE9540676EF7CE27 /* Pods-Landmark-LandmarkUITests.release.xcconfig */;
			buildSettings = {
				ALWAYS_EMBED_SWIFT_STANDARD_LIBRARIES = YES;
				CODE_SIGN_STYLE = Automatic;
				INFOPLIST_FILE = LandmarkUITests/Info.plist;
				LD_RUNPATH_SEARCH_PATHS = (
					"$(inherited)",
					"@executable_path/Frameworks",
					"@loader_path/Frameworks",
				);
				PRODUCT_BUNDLE_IDENTIFIER = "-.LandmarkUITests";
				PRODUCT_NAME = "$(TARGET_NAME)";
				SWIFT_VERSION = 5.0;
				TARGETED_DEVICE_FAMILY = "1,2";
				TEST_TARGET_NAME = Landmark;
			};
			name = Release;
		};
/* End XCBuildConfiguration section */

/* Begin XCConfigurationList section */
		AF9A1CED24C887B400D42674 /* Build configuration list for PBXProject "Landmark" */ = {
			isa = XCConfigurationList;
			buildConfigurations = (
				AF9A1D1C24C887BC00D42674 /* Debug */,
				AF9A1D1D24C887BC00D42674 /* Release */,
			);
			defaultConfigurationIsVisible = 0;
			defaultConfigurationName = Release;
		};
		AF9A1D1E24C887BC00D42674 /* Build configuration list for PBXNativeTarget "Landmark" */ = {
			isa = XCConfigurationList;
			buildConfigurations = (
				AF9A1D1F24C887BC00D42674 /* Debug */,
				AF9A1D2024C887BC00D42674 /* Release */,
			);
			defaultConfigurationIsVisible = 0;
			defaultConfigurationName = Release;
		};
		AF9A1D2124C887BC00D42674 /* Build configuration list for PBXNativeTarget "LandmarkTests" */ = {
			isa = XCConfigurationList;
			buildConfigurations = (
				AF9A1D2224C887BC00D42674 /* Debug */,
				AF9A1D2324C887BC00D42674 /* Release */,
			);
			defaultConfigurationIsVisible = 0;
			defaultConfigurationName = Release;
		};
		AF9A1D2424C887BC00D42674 /* Build configuration list for PBXNativeTarget "LandmarkUITests" */ = {
			isa = XCConfigurationList;
			buildConfigurations = (
				AF9A1D2524C887BC00D42674 /* Debug */,
				AF9A1D2624C887BC00D42674 /* Release */,
			);
			defaultConfigurationIsVisible = 0;
			defaultConfigurationName = Release;
		};
/* End XCConfigurationList section */
	};
	rootObject = AF9A1CEA24C887B400D42674 /* Project object */;
}
